{
  "nodes": {
    "flake-compat": {
      "flake": false,
      "locked": {
        "lastModified": 1650374568,
        "narHash": "sha256-Z+s0J8/r907g149rllvwhb4pKi8Wam5ij0st8PwAh+E=",
        "owner": "edolstra",
        "repo": "flake-compat",
        "rev": "b4a34015c698c7793d592d66adbab377907a2be8",
        "type": "github"
      },
      "original": {
        "owner": "edolstra",
        "repo": "flake-compat",
        "type": "github"
      }
    },
    "flake-compat_2": {
      "flake": false,
      "locked": {
        "lastModified": 1650374568,
        "narHash": "sha256-Z+s0J8/r907g149rllvwhb4pKi8Wam5ij0st8PwAh+E=",
        "owner": "edolstra",
        "repo": "flake-compat",
        "rev": "b4a34015c698c7793d592d66adbab377907a2be8",
        "type": "github"
      },
      "original": {
        "owner": "edolstra",
        "repo": "flake-compat",
        "type": "github"
      }
    },
    "flake-compat_3": {
      "flake": false,
      "locked": {
        "lastModified": 1696426674,
        "narHash": "sha256-kvjfFW7WAETZlt09AgDn1MrtKzP7t90Vf7vypd3OL1U=",
        "owner": "edolstra",
        "repo": "flake-compat",
        "rev": "0f9255e01c2351cc7d116c072cb317785dd33b33",
        "type": "github"
      },
      "original": {
        "owner": "edolstra",
        "repo": "flake-compat",
        "type": "github"
      }
    },
    "flake-parts": {
      "inputs": {
        "nixpkgs-lib": "nixpkgs-lib"
      },
      "locked": {
        "lastModified": 1704152458,
        "narHash": "sha256-DS+dGw7SKygIWf9w4eNBUZsK+4Ug27NwEWmn2tnbycg=",
        "owner": "hercules-ci",
        "repo": "flake-parts",
        "rev": "88a2cd8166694ba0b6cb374700799cec53aef527",
        "type": "github"
      },
      "original": {
        "owner": "hercules-ci",
        "repo": "flake-parts",
        "type": "github"
      }
    },
    "flake-parts_2": {
      "inputs": {
        "nixpkgs-lib": "nixpkgs-lib_2"
      },
      "locked": {
        "lastModified": 1704152458,
        "narHash": "sha256-DS+dGw7SKygIWf9w4eNBUZsK+4Ug27NwEWmn2tnbycg=",
        "owner": "hercules-ci",
        "repo": "flake-parts",
        "rev": "88a2cd8166694ba0b6cb374700799cec53aef527",
        "type": "github"
      },
      "original": {
        "owner": "hercules-ci",
        "repo": "flake-parts",
        "type": "github"
      }
    },
    "flake-parts_3": {
      "inputs": {
        "nixpkgs-lib": "nixpkgs-lib_3"
      },
      "locked": {
        "lastModified": 1706830856,
        "narHash": "sha256-a0NYyp+h9hlb7ddVz4LUn1vT/PLwqfrWYcHMvFB1xYg=",
        "owner": "hercules-ci",
        "repo": "flake-parts",
        "rev": "b253292d9c0a5ead9bc98c4e9a26c6312e27d69f",
        "type": "github"
      },
      "original": {
        "owner": "hercules-ci",
        "repo": "flake-parts",
        "type": "github"
      }
    },
    "flake-parts_4": {
      "inputs": {
        "nixpkgs-lib": "nixpkgs-lib_4"
      },
      "locked": {
        "lastModified": 1704152458,
        "narHash": "sha256-DS+dGw7SKygIWf9w4eNBUZsK+4Ug27NwEWmn2tnbycg=",
        "owner": "hercules-ci",
        "repo": "flake-parts",
        "rev": "88a2cd8166694ba0b6cb374700799cec53aef527",
        "type": "github"
      },
      "original": {
        "owner": "hercules-ci",
        "repo": "flake-parts",
        "type": "github"
      }
    },
    "flake-utils": {
      "inputs": {
        "systems": "systems"
      },
      "locked": {
        "lastModified": 1705309234,
        "narHash": "sha256-uNRRNRKmJyCRC/8y1RqBkqWBLM034y4qN7EprSdmgyA=",
        "owner": "numtide",
        "repo": "flake-utils",
        "rev": "1ef2e671c3b0c19053962c07dbda38332dcebf26",
        "type": "github"
      },
      "original": {
        "owner": "numtide",
        "repo": "flake-utils",
        "type": "github"
      }
    },
    "flake-utils_2": {
      "locked": {
        "lastModified": 1644229661,
        "narHash": "sha256-1YdnJAsNy69bpcjuoKdOYQX0YxZBiCYZo4Twxerqv7k=",
        "owner": "numtide",
        "repo": "flake-utils",
        "rev": "3cecb5b042f7f209c56ffd8371b2711a290ec797",
        "type": "github"
      },
      "original": {
        "owner": "numtide",
        "repo": "flake-utils",
        "type": "github"
      }
    },
    "flake-utils_3": {
      "locked": {
        "lastModified": 1644229661,
        "narHash": "sha256-1YdnJAsNy69bpcjuoKdOYQX0YxZBiCYZo4Twxerqv7k=",
        "owner": "numtide",
        "repo": "flake-utils",
        "rev": "3cecb5b042f7f209c56ffd8371b2711a290ec797",
        "type": "github"
      },
      "original": {
        "owner": "numtide",
        "repo": "flake-utils",
        "type": "github"
      }
    },
    "flake-utils_4": {
      "locked": {
        "lastModified": 1667395993,
        "narHash": "sha256-nuEHfE/LcWyuSWnS8t12N1wc105Qtau+/OdUAjtQ0rA=",
        "owner": "numtide",
        "repo": "flake-utils",
        "rev": "5aed5285a952e0b949eb3ba02c12fa4fcfef535f",
        "type": "github"
      },
      "original": {
        "owner": "numtide",
        "repo": "flake-utils",
        "type": "github"
      }
    },
    "flake-utils_5": {
      "inputs": {
        "systems": "systems_2"
      },
      "locked": {
        "lastModified": 1701680307,
        "narHash": "sha256-kAuep2h5ajznlPMD9rnQyffWG8EM/C73lejGofXvdM8=",
        "owner": "numtide",
        "repo": "flake-utils",
        "rev": "4022d587cbbfd70fe950c1e2083a02621806a725",
        "type": "github"
      },
      "original": {
        "owner": "numtide",
        "repo": "flake-utils",
        "type": "github"
      }
    },
    "flake-utils_6": {
      "locked": {
        "lastModified": 1644229661,
        "narHash": "sha256-1YdnJAsNy69bpcjuoKdOYQX0YxZBiCYZo4Twxerqv7k=",
        "owner": "numtide",
        "repo": "flake-utils",
        "rev": "3cecb5b042f7f209c56ffd8371b2711a290ec797",
        "type": "github"
      },
      "original": {
        "owner": "numtide",
        "repo": "flake-utils",
        "type": "github"
      }
    },
    "flake-utils_7": {
      "locked": {
        "lastModified": 1644229661,
        "narHash": "sha256-1YdnJAsNy69bpcjuoKdOYQX0YxZBiCYZo4Twxerqv7k=",
        "owner": "numtide",
        "repo": "flake-utils",
        "rev": "3cecb5b042f7f209c56ffd8371b2711a290ec797",
        "type": "github"
      },
      "original": {
        "owner": "numtide",
        "repo": "flake-utils",
        "type": "github"
      }
    },
    "flake-utils_8": {
      "locked": {
        "lastModified": 1644229661,
        "narHash": "sha256-1YdnJAsNy69bpcjuoKdOYQX0YxZBiCYZo4Twxerqv7k=",
        "owner": "numtide",
        "repo": "flake-utils",
        "rev": "3cecb5b042f7f209c56ffd8371b2711a290ec797",
        "type": "github"
      },
      "original": {
        "owner": "numtide",
        "repo": "flake-utils",
        "type": "github"
      }
    },
    "flake-utils_9": {
      "locked": {
        "lastModified": 1667395993,
        "narHash": "sha256-nuEHfE/LcWyuSWnS8t12N1wc105Qtau+/OdUAjtQ0rA=",
        "owner": "numtide",
        "repo": "flake-utils",
        "rev": "5aed5285a952e0b949eb3ba02c12fa4fcfef535f",
        "type": "github"
      },
      "original": {
        "owner": "numtide",
        "repo": "flake-utils",
        "type": "github"
      }
    },
    "gitignore": {
      "inputs": {
        "nixpkgs": [
          "pre-commit-hooks",
          "nixpkgs"
        ]
      },
      "locked": {
        "lastModified": 1703887061,
        "narHash": "sha256-gGPa9qWNc6eCXT/+Z5/zMkyYOuRZqeFZBDbopNZQkuY=",
        "owner": "hercules-ci",
        "repo": "gitignore.nix",
        "rev": "43e1aa1308018f37118e34d3a9cb4f5e75dc11d5",
        "type": "github"
      },
      "original": {
        "owner": "hercules-ci",
        "repo": "gitignore.nix",
        "type": "github"
      }
    },
    "horizon-advance": {
      "inputs": {
        "flake-utils": "flake-utils_5",
        "horizon-core": "horizon-core_2",
        "lint-utils": "lint-utils_4",
        "nixpkgs": "nixpkgs_9"
      },
      "locked": {
        "lastModified": 1706704861,
        "narHash": "sha256-Mwqwmujhm5vDKy0RxvQzngmsBAZcjRkPMdp+iTAHUqo=",
        "ref": "lts/ghc-9.6.x",
        "rev": "2ae8a1ae12bcd2bc5f1191dd23b8ab739b0c4a45",
        "revCount": 140,
        "type": "git",
        "url": "https://gitlab.horizon-haskell.net/package-sets/horizon-advance"
      },
      "original": {
        "ref": "lts/ghc-9.6.x",
        "type": "git",
        "url": "https://gitlab.horizon-haskell.net/package-sets/horizon-advance"
      }
    },
    "horizon-core": {
      "inputs": {
        "flake-parts": "flake-parts_2",
        "lint-utils": "lint-utils",
        "nixpkgs": "nixpkgs_2"
      },
      "locked": {
        "lastModified": 1704447948,
        "narHash": "sha256-ePB4vvW+Ap7JaE7S8y6+PQ1hOfkwiGT5na/JpKS1nE0=",
        "ref": "lts/ghc-9.6.x",
        "rev": "f9f2b12953059b3b3bf8714abb580e01af8f8392",
        "revCount": 1212,
        "type": "git",
        "url": "https://gitlab.horizon-haskell.net/package-sets/horizon-core"
      },
      "original": {
        "ref": "lts/ghc-9.6.x",
        "type": "git",
        "url": "https://gitlab.horizon-haskell.net/package-sets/horizon-core"
      }
    },
    "horizon-core_2": {
      "inputs": {
        "flake-parts": "flake-parts_4",
        "lint-utils": "lint-utils_3",
        "nixpkgs": "nixpkgs_7"
      },
      "locked": {
        "lastModified": 1704197614,
        "narHash": "sha256-PPSTtrBEoBOfGchT0t5Byl20k4+jqyEJu7+VtAZKPg0=",
        "ref": "lts/ghc-9.6.x",
        "rev": "ceecaefa13faef23bae9489aaa0619363106f014",
        "revCount": 1210,
        "type": "git",
        "url": "https://gitlab.horizon-haskell.net/package-sets/horizon-core"
      },
      "original": {
        "ref": "lts/ghc-9.6.x",
        "type": "git",
        "url": "https://gitlab.horizon-haskell.net/package-sets/horizon-core"
      }
    },
    "horizon-devtools": {
      "inputs": {
        "flake-parts": "flake-parts",
        "horizon-core": "horizon-core",
        "horizon-hoogle": "horizon-hoogle",
        "lint-utils": "lint-utils_2",
        "nixpkgs": "nixpkgs_5"
      },
      "locked": {
        "lastModified": 1705415017,
        "narHash": "sha256-SiSqbSA+vy6XIPfnJQjDnd6nIRhNaCBGCzVYsYInUY0=",
        "ref": "lts/ghc-9.6.x",
        "rev": "d5095fdcb353dfe731b7a2145f2b7afa5d383cfa",
        "revCount": 1202,
        "type": "git",
        "url": "https://gitlab.horizon-haskell.net/package-sets/horizon-devtools"
      },
      "original": {
        "ref": "lts/ghc-9.6.x",
        "type": "git",
        "url": "https://gitlab.horizon-haskell.net/package-sets/horizon-devtools"
      }
    },
    "horizon-hoogle": {
      "locked": {
        "lastModified": 1701521742,
        "narHash": "sha256-huf/95jYL7mY0AHSziJYXx4m/sP+G+YAbJb+Q5Ph/Jg=",
        "ref": "refs/heads/master",
        "rev": "ddf3b08c6458c1a9e0d881f968c050bc828b9b8e",
        "revCount": 2,
        "type": "git",
        "url": "https://gitlab.horizon-haskell.net/nix/horizon-hoogle"
      },
      "original": {
        "type": "git",
        "url": "https://gitlab.horizon-haskell.net/nix/horizon-hoogle"
      }
    },
    "horizon-hoogle_2": {
      "locked": {
        "lastModified": 1701521742,
        "narHash": "sha256-huf/95jYL7mY0AHSziJYXx4m/sP+G+YAbJb+Q5Ph/Jg=",
        "ref": "refs/heads/master",
        "rev": "ddf3b08c6458c1a9e0d881f968c050bc828b9b8e",
        "revCount": 2,
        "type": "git",
        "url": "https://gitlab.horizon-haskell.net/nix/horizon-hoogle"
      },
      "original": {
        "type": "git",
        "url": "https://gitlab.horizon-haskell.net/nix/horizon-hoogle"
      }
    },
    "horizon-platform": {
      "inputs": {
        "flake-parts": "flake-parts_3",
        "horizon-advance": "horizon-advance",
        "horizon-hoogle": "horizon-hoogle_2",
        "lint-utils": "lint-utils_5",
        "nixpkgs": "nixpkgs_12"
      },
      "locked": {
        "lastModified": 1707226719,
        "narHash": "sha256-Aqqe0SzTMOjQVwzSfYqTBWekS+92Av9za6gr4BGs6v4=",
        "ref": "lts/ghc-9.6.x",
        "rev": "7cf795a5c05afe86bc9d8daa49d17cfd0bba3e7a",
        "revCount": 1229,
        "type": "git",
        "url": "https://gitlab.horizon-haskell.net/package-sets/horizon-platform"
      },
      "original": {
        "ref": "lts/ghc-9.6.x",
        "type": "git",
        "url": "https://gitlab.horizon-haskell.net/package-sets/horizon-platform"
      }
    },
    "lint-utils": {
      "inputs": {
        "flake-utils": "flake-utils_2",
        "nixpkgs": "nixpkgs"
      },
      "locked": {
        "lastModified": 1701713103,
        "narHash": "sha256-IstHSRxNrhyYTeIWAaUjmkdtGFXQlgQQdr28le1RwGA=",
        "ref": "refs/heads/master",
        "rev": "4dffa421c015db30f3755bfa358b15fc9cf5c6ff",
        "revCount": 56,
        "type": "git",
        "url": "https://gitlab.nixica.dev/nix/lint-utils"
      },
      "original": {
        "type": "git",
        "url": "https://gitlab.nixica.dev/nix/lint-utils"
      }
    },
    "lint-utils_2": {
      "inputs": {
        "flake-utils": "flake-utils_3",
        "nixfmt-rfc166": "nixfmt-rfc166",
        "nixpkgs": "nixpkgs_4"
      },
      "locked": {
        "lastModified": 1704594075,
        "narHash": "sha256-YGbe4tf/R00py3Nu/U05OOahpteifaVrXIjNt3Gd0Lo=",
        "ref": "refs/heads/master",
        "rev": "7c28fe8921c630259e0f761d64fd46dd77689203",
        "revCount": 63,
        "type": "git",
        "url": "https://gitlab.nixica.dev/nix/lint-utils"
      },
      "original": {
        "type": "git",
        "url": "https://gitlab.nixica.dev/nix/lint-utils"
      }
    },
    "lint-utils_3": {
      "inputs": {
        "flake-utils": "flake-utils_6",
        "nixpkgs": "nixpkgs_6"
      },
      "locked": {
        "lastModified": 1701713103,
        "narHash": "sha256-IstHSRxNrhyYTeIWAaUjmkdtGFXQlgQQdr28le1RwGA=",
        "ref": "refs/heads/master",
        "rev": "4dffa421c015db30f3755bfa358b15fc9cf5c6ff",
        "revCount": 56,
        "type": "git",
        "url": "https://gitlab.nixica.dev/nix/lint-utils"
      },
      "original": {
        "type": "git",
        "url": "https://gitlab.nixica.dev/nix/lint-utils"
      }
    },
    "lint-utils_4": {
      "inputs": {
        "flake-utils": "flake-utils_7",
        "nixpkgs": "nixpkgs_8"
      },
      "locked": {
        "lastModified": 1701713103,
        "narHash": "sha256-IstHSRxNrhyYTeIWAaUjmkdtGFXQlgQQdr28le1RwGA=",
        "ref": "refs/heads/master",
        "rev": "4dffa421c015db30f3755bfa358b15fc9cf5c6ff",
        "revCount": 56,
        "type": "git",
        "url": "https://gitlab.nixica.dev/nix/lint-utils"
      },
      "original": {
        "type": "git",
        "url": "https://gitlab.nixica.dev/nix/lint-utils"
      }
    },
    "lint-utils_5": {
      "inputs": {
        "flake-utils": "flake-utils_8",
        "nixfmt-rfc166": "nixfmt-rfc166_2",
        "nixpkgs": "nixpkgs_11"
      },
      "locked": {
        "lastModified": 1707097885,
        "narHash": "sha256-Sj7jca5sO6cecyPhDMqFWva7gKXD06+cMNIdfS/zzsA=",
        "ref": "refs/heads/master",
        "rev": "76d2c78adbaa0176ce17b117ffd0391119aa4865",
        "revCount": 67,
        "type": "git",
        "url": "https://gitlab.nixica.dev/nix/lint-utils"
      },
      "original": {
        "type": "git",
        "url": "https://gitlab.nixica.dev/nix/lint-utils"
      }
    },
    "nixfmt-rfc166": {
      "inputs": {
        "flake-compat": "flake-compat",
        "flake-utils": "flake-utils_4",
        "nixpkgs": "nixpkgs_3",
        "nixpkgs-stable": "nixpkgs-stable"
      },
      "locked": {
        "lastModified": 1702460310,
        "narHash": "sha256-vRhF9hE4P8rwcEtPYcEuoIHvCUiI+37OeHW/QRtnMQk=",
        "owner": "piegamesde",
        "repo": "nixfmt",
        "rev": "0a8c246723bdd16207bb03681614892fa1d2f9b5",
        "type": "github"
      },
      "original": {
        "owner": "piegamesde",
        "ref": "rfc101-style",
        "repo": "nixfmt",
        "type": "github"
      }
    },
    "nixfmt-rfc166_2": {
      "inputs": {
        "flake-compat": "flake-compat_2",
        "flake-utils": "flake-utils_9",
        "nixpkgs": "nixpkgs_10",
        "nixpkgs-stable": "nixpkgs-stable_2"
      },
      "locked": {
        "lastModified": 1705351614,
        "narHash": "sha256-A4lWuddBY2SI4AbQFT+/eP9LsrNarnkQ2AeikrU56N0=",
        "owner": "piegamesde",
        "repo": "nixfmt",
        "rev": "1eff7a84ac82fbebb5f586244f1c80e1fcc4f494",
        "type": "github"
      },
      "original": {
        "owner": "piegamesde",
        "ref": "rfc101-style",
        "repo": "nixfmt",
        "type": "github"
      }
    },
    "nixpkgs": {
      "locked": {
        "lastModified": 1644525281,
        "narHash": "sha256-D3VuWLdnLmAXIkooWAtbTGSQI9Fc1lkvAr94wTxhnTU=",
        "owner": "NixOS",
        "repo": "nixpkgs",
        "rev": "48d63e924a2666baf37f4f14a18f19347fbd54a2",
        "type": "github"
      },
      "original": {
        "owner": "NixOS",
        "ref": "nixos-unstable",
        "repo": "nixpkgs",
        "type": "github"
      }
    },
    "nixpkgs-lib": {
      "locked": {
        "dir": "lib",
        "lastModified": 1703961334,
        "narHash": "sha256-M1mV/Cq+pgjk0rt6VxoyyD+O8cOUiai8t9Q6Yyq4noY=",
        "owner": "NixOS",
        "repo": "nixpkgs",
        "rev": "b0d36bd0a420ecee3bc916c91886caca87c894e9",
        "type": "github"
      },
      "original": {
        "dir": "lib",
        "owner": "NixOS",
        "ref": "nixos-unstable",
        "repo": "nixpkgs",
        "type": "github"
      }
    },
    "nixpkgs-lib_2": {
      "locked": {
        "dir": "lib",
        "lastModified": 1703961334,
        "narHash": "sha256-M1mV/Cq+pgjk0rt6VxoyyD+O8cOUiai8t9Q6Yyq4noY=",
        "owner": "NixOS",
        "repo": "nixpkgs",
        "rev": "b0d36bd0a420ecee3bc916c91886caca87c894e9",
        "type": "github"
      },
      "original": {
        "dir": "lib",
        "owner": "NixOS",
        "ref": "nixos-unstable",
        "repo": "nixpkgs",
        "type": "github"
      }
    },
    "nixpkgs-lib_3": {
      "locked": {
        "dir": "lib",
        "lastModified": 1706550542,
        "narHash": "sha256-UcsnCG6wx++23yeER4Hg18CXWbgNpqNXcHIo5/1Y+hc=",
        "owner": "NixOS",
        "repo": "nixpkgs",
        "rev": "97b17f32362e475016f942bbdfda4a4a72a8a652",
        "type": "github"
      },
      "original": {
        "dir": "lib",
        "owner": "NixOS",
        "ref": "nixos-unstable",
        "repo": "nixpkgs",
        "type": "github"
      }
    },
    "nixpkgs-lib_4": {
      "locked": {
        "dir": "lib",
        "lastModified": 1703961334,
        "narHash": "sha256-M1mV/Cq+pgjk0rt6VxoyyD+O8cOUiai8t9Q6Yyq4noY=",
        "owner": "NixOS",
        "repo": "nixpkgs",
        "rev": "b0d36bd0a420ecee3bc916c91886caca87c894e9",
        "type": "github"
      },
      "original": {
        "dir": "lib",
        "owner": "NixOS",
        "ref": "nixos-unstable",
        "repo": "nixpkgs",
        "type": "github"
      }
    },
    "nixpkgs-souffle": {
      "locked": {
        "lastModified": 1684687439,
        "narHash": "sha256-csHkwrf0pnbHoVBsVDVNf2TyHOEVKRAvLkPDOTTguIM=",
        "owner": "nixos",
        "repo": "nixpkgs",
        "rev": "a74a4a2f324fb54637a9e2597ef1fdca6ad869c8",
        "type": "github"
      },
      "original": {
        "owner": "nixos",
        "repo": "nixpkgs",
        "rev": "a74a4a2f324fb54637a9e2597ef1fdca6ad869c8",
        "type": "github"
      }
    },
    "nixpkgs-stable": {
      "locked": {
        "lastModified": 1672580127,
        "narHash": "sha256-3lW3xZslREhJogoOkjeZtlBtvFMyxHku7I/9IVehhT8=",
        "owner": "NixOS",
        "repo": "nixpkgs",
        "rev": "0874168639713f547c05947c76124f78441ea46c",
        "type": "github"
      },
      "original": {
        "owner": "NixOS",
        "ref": "nixos-22.05",
        "repo": "nixpkgs",
        "type": "github"
      }
    },
    "nixpkgs-stable_2": {
      "locked": {
        "lastModified": 1672580127,
        "narHash": "sha256-3lW3xZslREhJogoOkjeZtlBtvFMyxHku7I/9IVehhT8=",
        "owner": "NixOS",
        "repo": "nixpkgs",
        "rev": "0874168639713f547c05947c76124f78441ea46c",
        "type": "github"
      },
      "original": {
        "owner": "NixOS",
        "ref": "nixos-22.05",
        "repo": "nixpkgs",
        "type": "github"
      }
    },
    "nixpkgs-stable_3": {
      "locked": {
        "lastModified": 1704874635,
        "narHash": "sha256-YWuCrtsty5vVZvu+7BchAxmcYzTMfolSPP5io8+WYCg=",
        "owner": "NixOS",
        "repo": "nixpkgs",
        "rev": "3dc440faeee9e889fe2d1b4d25ad0f430d449356",
        "type": "github"
      },
      "original": {
        "owner": "NixOS",
        "ref": "nixos-23.11",
        "repo": "nixpkgs",
        "type": "github"
      }
    },
    "nixpkgs_10": {
      "locked": {
        "lastModified": 1667292599,
        "narHash": "sha256-7ISOUI1aj6UKMPIL+wwthENL22L3+A9V+jS8Is3QsRo=",
        "owner": "NixOS",
        "repo": "nixpkgs",
        "rev": "ef2f213d9659a274985778bff4ca322f3ef3ac68",
        "type": "github"
      },
      "original": {
        "owner": "NixOS",
        "ref": "nixpkgs-unstable",
        "repo": "nixpkgs",
        "type": "github"
      }
    },
    "nixpkgs_11": {
      "locked": {
        "lastModified": 1644525281,
        "narHash": "sha256-D3VuWLdnLmAXIkooWAtbTGSQI9Fc1lkvAr94wTxhnTU=",
        "owner": "NixOS",
        "repo": "nixpkgs",
        "rev": "48d63e924a2666baf37f4f14a18f19347fbd54a2",
        "type": "github"
      },
      "original": {
        "owner": "NixOS",
        "ref": "nixos-unstable",
        "repo": "nixpkgs",
        "type": "github"
      }
    },
    "nixpkgs_12": {
      "locked": {
        "lastModified": 1706925685,
        "narHash": "sha256-hVInjWMmgH4yZgA4ZtbgJM1qEAel72SYhP5nOWX4UIM=",
        "owner": "nixos",
        "repo": "nixpkgs",
        "rev": "79a13f1437e149dc7be2d1290c74d378dad60814",
        "type": "github"
      },
      "original": {
        "owner": "nixos",
        "ref": "nixpkgs-unstable",
        "repo": "nixpkgs",
        "type": "github"
      }
    },
    "nixpkgs_13": {
      "locked": {
        "lastModified": 1707205916,
        "narHash": "sha256-fmRJilYGlB7VCt3XsdYxrA0u8e/K84O5xYucerUY0iM=",
        "owner": "nixos",
        "repo": "nixpkgs",
        "rev": "8cc79aa39bbc6eaedaf286ae655b224c71e02907",
        "type": "github"
      },
      "original": {
        "owner": "nixos",
        "ref": "nixpkgs-unstable",
        "repo": "nixpkgs",
        "type": "github"
      }
    },
    "nixpkgs_2": {
      "locked": {
        "lastModified": 1703961334,
        "narHash": "sha256-M1mV/Cq+pgjk0rt6VxoyyD+O8cOUiai8t9Q6Yyq4noY=",
        "owner": "nixos",
        "repo": "nixpkgs",
        "rev": "b0d36bd0a420ecee3bc916c91886caca87c894e9",
        "type": "github"
      },
      "original": {
        "owner": "nixos",
        "ref": "nixos-unstable",
        "repo": "nixpkgs",
        "type": "github"
      }
    },
    "nixpkgs_3": {
      "locked": {
        "lastModified": 1667292599,
        "narHash": "sha256-7ISOUI1aj6UKMPIL+wwthENL22L3+A9V+jS8Is3QsRo=",
        "owner": "NixOS",
        "repo": "nixpkgs",
        "rev": "ef2f213d9659a274985778bff4ca322f3ef3ac68",
        "type": "github"
      },
      "original": {
        "owner": "NixOS",
        "ref": "nixpkgs-unstable",
        "repo": "nixpkgs",
        "type": "github"
      }
    },
    "nixpkgs_4": {
      "locked": {
        "lastModified": 1644525281,
        "narHash": "sha256-D3VuWLdnLmAXIkooWAtbTGSQI9Fc1lkvAr94wTxhnTU=",
        "owner": "NixOS",
        "repo": "nixpkgs",
        "rev": "48d63e924a2666baf37f4f14a18f19347fbd54a2",
        "type": "github"
      },
      "original": {
        "owner": "NixOS",
        "ref": "nixos-unstable",
        "repo": "nixpkgs",
        "type": "github"
      }
    },
    "nixpkgs_5": {
      "locked": {
        "lastModified": 1704161960,
        "narHash": "sha256-QGua89Pmq+FBAro8NriTuoO/wNaUtugt29/qqA8zeeM=",
        "owner": "nixos",
        "repo": "nixpkgs",
        "rev": "63143ac2c9186be6d9da6035fa22620018c85932",
        "type": "github"
      },
      "original": {
        "owner": "nixos",
        "ref": "nixpkgs-unstable",
        "repo": "nixpkgs",
        "type": "github"
      }
    },
    "nixpkgs_6": {
      "locked": {
        "lastModified": 1644525281,
        "narHash": "sha256-D3VuWLdnLmAXIkooWAtbTGSQI9Fc1lkvAr94wTxhnTU=",
        "owner": "NixOS",
        "repo": "nixpkgs",
        "rev": "48d63e924a2666baf37f4f14a18f19347fbd54a2",
        "type": "github"
      },
      "original": {
        "owner": "NixOS",
        "ref": "nixos-unstable",
        "repo": "nixpkgs",
        "type": "github"
      }
    },
    "nixpkgs_7": {
      "locked": {
        "lastModified": 1703961334,
        "narHash": "sha256-M1mV/Cq+pgjk0rt6VxoyyD+O8cOUiai8t9Q6Yyq4noY=",
        "owner": "nixos",
        "repo": "nixpkgs",
        "rev": "b0d36bd0a420ecee3bc916c91886caca87c894e9",
        "type": "github"
      },
      "original": {
        "owner": "nixos",
        "ref": "nixos-unstable",
        "repo": "nixpkgs",
        "type": "github"
      }
    },
    "nixpkgs_8": {
      "locked": {
        "lastModified": 1644525281,
        "narHash": "sha256-D3VuWLdnLmAXIkooWAtbTGSQI9Fc1lkvAr94wTxhnTU=",
        "owner": "NixOS",
        "repo": "nixpkgs",
        "rev": "48d63e924a2666baf37f4f14a18f19347fbd54a2",
        "type": "github"
      },
      "original": {
        "owner": "NixOS",
        "ref": "nixos-unstable",
        "repo": "nixpkgs",
        "type": "github"
      }
    },
    "nixpkgs_9": {
      "locked": {
        "lastModified": 1703961334,
        "narHash": "sha256-M1mV/Cq+pgjk0rt6VxoyyD+O8cOUiai8t9Q6Yyq4noY=",
        "owner": "nixos",
        "repo": "nixpkgs",
        "rev": "b0d36bd0a420ecee3bc916c91886caca87c894e9",
        "type": "github"
      },
      "original": {
        "owner": "nixos",
        "ref": "nixos-unstable",
        "repo": "nixpkgs",
        "type": "github"
      }
    },
    "poolboy": {
      "flake": false,
      "locked": {
        "lastModified": 1680422198,
        "narHash": "sha256-kXWqaWt0terXZK1hg+awPP228qqMtGEPhDwnfpcOq5o=",
        "owner": "blackheaven",
        "repo": "poolboy",
        "rev": "a8857d8c322d10459764283d44ff5911a96cc2e3",
        "type": "github"
      },
      "original": {
        "owner": "blackheaven",
        "ref": "v0.2.1.0",
        "repo": "poolboy",
        "type": "github"
      }
    },
    "pre-commit-hooks": {
      "inputs": {
        "flake-compat": "flake-compat_3",
        "flake-utils": [
          "flake-utils"
        ],
        "gitignore": "gitignore",
        "nixpkgs": [
          "nixpkgs"
        ],
        "nixpkgs-stable": "nixpkgs-stable_3"
      },
      "locked": {
        "lastModified": 1706424699,
        "narHash": "sha256-Q3RBuOpZNH2eFA1e+IHgZLAOqDD9SKhJ/sszrL8bQD4=",
        "owner": "cachix",
        "repo": "pre-commit-hooks.nix",
        "rev": "7c54e08a689b53c8a1e5d70169f2ec9e2a68ffaf",
        "type": "github"
      },
      "original": {
        "owner": "cachix",
        "repo": "pre-commit-hooks.nix",
        "type": "github"
      }
    },
    "root": {
      "inputs": {
        "flake-utils": "flake-utils",
        "horizon-devtools": "horizon-devtools",
        "horizon-platform": "horizon-platform",
        "nixpkgs": "nixpkgs_13",
        "nixpkgs-souffle": "nixpkgs-souffle",
        "poolboy": "poolboy",
        "pre-commit-hooks": "pre-commit-hooks"
      }
    },
    "systems": {
      "locked": {
        "lastModified": 1681028828,
        "narHash": "sha256-Vy1rq5AaRuLzOxct8nz4T6wlgyUR7zLU309k9mBC768=",
        "owner": "nix-systems",
        "repo": "default",
        "rev": "da67096a3b9bf56a91d16901293e51ba5b49a27e",
        "type": "github"
      },
      "original": {
        "owner": "nix-systems",
        "repo": "default",
        "type": "github"
      }
    },
    "systems_2": {
      "locked": {
        "lastModified": 1681028828,
        "narHash": "sha256-Vy1rq5AaRuLzOxct8nz4T6wlgyUR7zLU309k9mBC768=",
        "owner": "nix-systems",
        "repo": "default",
        "rev": "da67096a3b9bf56a91d16901293e51ba5b49a27e",
        "type": "github"
      },
      "original": {
        "owner": "nix-systems",
        "repo": "default",
        "type": "github"
      }
    }
  },
  "root": "root",
  "version": 7
}
