{
  "nodes": {
    "flake-parts": {
      "inputs": {
        "nixpkgs-lib": "nixpkgs-lib"
      },
      "locked": {
        "lastModified": 1675933616,
        "narHash": "sha256-/rczJkJHtx16IFxMmAWu5nNYcSXNg1YYXTHoGjLrLUA=",
        "owner": "hercules-ci",
        "repo": "flake-parts",
        "rev": "47478a4a003e745402acf63be7f9a092d51b83d7",
        "type": "github"
      },
      "original": {
        "owner": "hercules-ci",
        "repo": "flake-parts",
        "type": "github"
      }
    },
    "flake-utils": {
      "locked": {
        "lastModified": 1678901627,
        "narHash": "sha256-U02riOqrKKzwjsxc/400XnElV+UtPUQWpANPlyazjH0=",
        "owner": "numtide",
        "repo": "flake-utils",
        "rev": "93a2b84fc4b70d9e089d029deacc3583435c2ed6",
        "type": "github"
      },
      "original": {
        "owner": "numtide",
        "repo": "flake-utils",
        "type": "github"
      }
    },
    "flake-utils_2": {
      "locked": {
        "lastModified": 1644229661,
        "narHash": "sha256-1YdnJAsNy69bpcjuoKdOYQX0YxZBiCYZo4Twxerqv7k=",
        "owner": "numtide",
        "repo": "flake-utils",
        "rev": "3cecb5b042f7f209c56ffd8371b2711a290ec797",
        "type": "github"
      },
      "original": {
        "owner": "numtide",
        "repo": "flake-utils",
        "type": "github"
      }
    },
    "flake-utils_3": {
      "locked": {
        "lastModified": 1659877975,
        "narHash": "sha256-zllb8aq3YO3h8B/U0/J1WBgAL8EX5yWf5pMj3G0NAmc=",
        "owner": "numtide",
        "repo": "flake-utils",
        "rev": "c0e246b9b83f637f4681389ecabcb2681b4f3af0",
        "type": "github"
      },
      "original": {
        "owner": "numtide",
        "repo": "flake-utils",
        "type": "github"
      }
    },
    "get-flake": {
      "locked": {
        "lastModified": 1644686428,
        "narHash": "sha256-zkhYsURWFrvEZLkIoBeqFBzSu+cA2u5mo6M8vq9LN7M=",
        "owner": "ursi",
        "repo": "get-flake",
        "rev": "703f15558daa56dfae19d1858bb3046afe68831a",
        "type": "github"
      },
      "original": {
        "owner": "ursi",
        "repo": "get-flake",
        "type": "github"
      }
    },
    "horizon-platform": {
      "inputs": {
        "flake-parts": "flake-parts",
        "get-flake": "get-flake",
        "horizon-shell-flake": "horizon-shell-flake",
        "lint-utils": "lint-utils",
        "nixpkgs": "nixpkgs_2"
      },
      "locked": {
        "lastModified": 1680415413,
        "narHash": "sha256-wwozvhvXFf4OVBC08A3JfR++/s7Q53RAyjH+OCuMWaU=",
        "ref": "refs/heads/master",
        "rev": "a4ece36e1a2de7e35fa02ae3254504c71a1d4643",
        "revCount": 1062,
        "type": "git",
        "url": "https://gitlab.horizon-haskell.net/package-sets/horizon-platform"
      },
      "original": {
        "type": "git",
        "url": "https://gitlab.horizon-haskell.net/package-sets/horizon-platform"
      }
    },
    "horizon-shell-flake": {
      "flake": false,
      "locked": {
        "lastModified": 1679524452,
        "narHash": "sha256-xzNxvLVa3o0F/z4CnBDORv2Y6PfxjlGv7b7LybIyCSg=",
        "ref": "refs/tags/0.0.8",
        "rev": "21b8913803cefeb287bb244c7ee335638233db7f",
        "revCount": 21,
        "type": "git",
        "url": "https://gitlab.horizon-haskell.net/shells/horizon-shell"
      },
      "original": {
        "ref": "refs/tags/0.0.8",
        "type": "git",
        "url": "https://gitlab.horizon-haskell.net/shells/horizon-shell"
      }
    },
    "lint-utils": {
      "inputs": {
        "flake-utils": "flake-utils_2",
        "nixpkgs": "nixpkgs"
      },
      "locked": {
        "lastModified": 1670623736,
        "narHash": "sha256-CrA/yua5H0NfZ2tu1QZ2WpYi6pkWzyFxiwGk+KoF620=",
        "ref": "refs/heads/master",
        "rev": "ee76287dc9987dd01ec38d38839b788a26ee5f24",
        "revCount": 45,
        "type": "git",
        "url": "https://gitlab.homotopic.tech/nix/lint-utils"
      },
      "original": {
        "type": "git",
        "url": "https://gitlab.homotopic.tech/nix/lint-utils"
      }
    },
    "nixpkgs": {
      "locked": {
        "lastModified": 1644525281,
        "narHash": "sha256-D3VuWLdnLmAXIkooWAtbTGSQI9Fc1lkvAr94wTxhnTU=",
        "owner": "NixOS",
        "repo": "nixpkgs",
        "rev": "48d63e924a2666baf37f4f14a18f19347fbd54a2",
        "type": "github"
      },
      "original": {
        "owner": "NixOS",
        "ref": "nixos-unstable",
        "repo": "nixpkgs",
        "type": "github"
      }
    },
    "nixpkgs-lib": {
      "locked": {
        "dir": "lib",
        "lastModified": 1675183161,
        "narHash": "sha256-Zq8sNgAxDckpn7tJo7V1afRSk2eoVbu3OjI1QklGLNg=",
        "owner": "NixOS",
        "repo": "nixpkgs",
        "rev": "e1e1b192c1a5aab2960bf0a0bd53a2e8124fa18e",
        "type": "github"
      },
      "original": {
        "dir": "lib",
        "owner": "NixOS",
        "ref": "nixos-unstable",
        "repo": "nixpkgs",
        "type": "github"
      }
    },
    "nixpkgs_2": {
      "locked": {
        "lastModified": 1673947312,
        "narHash": "sha256-xx/2nRwRy3bXrtry6TtydKpJpqHahjuDB5sFkQ/XNDE=",
        "owner": "nixos",
        "repo": "nixpkgs",
        "rev": "2d38b664b4400335086a713a0036aafaa002c003",
        "type": "github"
      },
      "original": {
        "owner": "nixos",
        "ref": "nixpkgs-unstable",
        "repo": "nixpkgs",
        "type": "github"
      }
    },
    "nixpkgs_3": {
      "locked": {
        "lastModified": 1680273054,
        "narHash": "sha256-Bs6/5LpvYp379qVqGt9mXxxx9GSE789k3oFc+OAL07M=",
        "owner": "nixos",
        "repo": "nixpkgs",
        "rev": "3364b5b117f65fe1ce65a3cdd5612a078a3b31e3",
        "type": "github"
      },
      "original": {
        "owner": "nixos",
        "ref": "nixpkgs-unstable",
        "repo": "nixpkgs",
        "type": "github"
      }
    },
    "nixpkgs_4": {
      "locked": {
        "lastModified": 1662286737,
        "narHash": "sha256-nH/yxStvpgkfg1PAvyiw4wd/Kijr+CBmwRTjxXyYOZw=",
        "owner": "NixOS",
        "repo": "nixpkgs",
        "rev": "e6a9583fb1193ca92a42dd0fbeeca01a5447ff72",
        "type": "github"
      },
      "original": {
        "owner": "NixOS",
        "repo": "nixpkgs",
        "type": "github"
      }
    },
    "poolboy": {
      "inputs": {
        "flake-utils": "flake-utils_3",
        "nixpkgs": "nixpkgs_4"
      },
      "locked": {
        "lastModified": 1680368030,
        "narHash": "sha256-3MY2l3Niwno7ZmiRAoSUjocQvTWzJ5VdmspXZFF5FDc=",
        "owner": "blackheaven",
        "repo": "poolboy",
        "rev": "dadf6504bc5c8c50ba6a8cf387eb4974e055f533",
        "type": "github"
      },
      "original": {
        "owner": "blackheaven",
        "repo": "poolboy",
        "type": "github"
      }
    },
    "root": {
      "inputs": {
        "flake-utils": "flake-utils",
        "horizon-platform": "horizon-platform",
        "nixpkgs": "nixpkgs_3",
        "poolboy": "poolboy",
        "streamly": "streamly"
      }
    },
    "streamly": {
      "flake": false,
      "locked": {
        "lastModified": 1679066570,
        "narHash": "sha256-mMZi6Uo0bA+fERInii28Ok2ZvzSmQH2XPQ76gBZJRD4=",
        "owner": "composewell",
        "repo": "streamly",
        "rev": "7e80fa90885745f1ff2711c8b153cd262af148a1",
        "type": "github"
      },
      "original": {
        "owner": "composewell",
        "repo": "streamly",
        "type": "github"
      }
    }
  },
  "root": "root",
  "version": 7
}
